PODS:
  - CommonUtils (0.1.0):
    - KeychainAccess (= 3.0.2)
    - ObjectMapper (= 2.2.6)
  - CryptoSwift (0.6.7)
  - KeychainAccess (3.0.2)
  - ObjectMapper (2.2.6)
  - SecureAccessBLE (2.1.0):
    - CommonUtils (~> 0.1.0)
    - CryptoSwift (= 0.6.7)
  - SwiftFormat/CLI (0.29.7)
  - SwiftLint (0.23.0)

DEPENDENCIES:
  - CommonUtils (from `https://github.com/hufsm/mobile-ios-common-utils.git`, branch `development`)
  - SecureAccessBLE (from `../`)
  - SwiftFormat/CLI
  - SwiftLint (= 0.23.0)

EXTERNAL SOURCES:
  CommonUtils:
    :branch: development
    :git: https://github.com/hufsm/mobile-ios-common-utils.git
  SecureAccessBLE:
    :path: "../"

CHECKOUT OPTIONS:
  CommonUtils:
    :commit: cc9619d53dc4a7e1f8a2060a372bd503b1be7807
    :git: https://github.com/hufsm/mobile-ios-common-utils.git

SPEC CHECKSUMS:
  CommonUtils: ff883ee33d34a00bc91392e4f2e3e3b05a35eb3d
  CryptoSwift: 685ae257941e5447474348a2b545583e1a16b573
  KeychainAccess: a986406022dfc7c634c691ad3bec670cc6a32002
  ObjectMapper: '042708195cc46c20871cbcbec0453826398273fd'
  SecureAccessBLE: 1189c09670770be389a77ccb6616339fe767f0d7
  SwiftFormat: d1a844a0d426031430fb1fde9dc96d12d11337fd
  SwiftLint: 6ddf7d305644c2239cb768a11d97cce804816691

PODFILE CHECKSUM: 613657d7f70ef90f7d4eff2f17b4149ace5aca7b

COCOAPODS: 1.2.1
