PODS:
  - CryptoSwift (0.0.16)
  - SecureAccessBLE (1.0.2):
    - CryptoSwift (= 0.0.16)

DEPENDENCIES:
  - SecureAccessBLE (from `../`)

EXTERNAL SOURCES:
  SecureAccessBLE:
    :path: "../"

SPEC CHECKSUMS:
  CryptoSwift: 05b7e813763fc7a0e8726e962365d6e09f091098
  SecureAccessBLE: 23fb04cb2ac011d2a21b97497192ee3463913662

PODFILE CHECKSUM: 642a2547eb06eaa1f3197d94bbcc9837368a9bc5

COCOAPODS: 1.0.1
