PODS:
  - CryptoSwift (1.0.0)
  - Nimble (8.0.1)
  - Quick (2.0.0)
  - SecureAccessBLE (3.5.2):
    - CryptoSwift (= 1.0.0)
  - SwiftFormat/CLI (0.40.9)
  - SwiftLint (0.28.0)

DEPENDENCIES:
  - CryptoSwift (= 1.0.0)
  - Nimble (~> 8.0.1)
  - Quick (~> 2.0.0)
  - SecureAccessBLE (from `../`)
  - SwiftFormat/CLI
  - SwiftLint (= 0.28.0)

SPEC REPOS:
  https://github.com/cocoapods/specs.git:
    - CryptoSwift
    - Nimble
    - Quick
    - SwiftFormat
    - SwiftLint

EXTERNAL SOURCES:
  SecureAccessBLE:
    :path: "../"

SPEC CHECKSUMS:
  CryptoSwift: d81eeaa59dc5a8d03720fe919a6fd07b51f7439f
  Nimble: 45f786ae66faa9a709624227fae502db55a8bdd0
  Quick: ce1276c7c27ba2da3cb2fd0cde053c3648b3b22d
  SecureAccessBLE: 112bcede78c47cc4370ded531d318af475eee3b4
  SwiftFormat: 6b67b6e7fe73d664f0cbb4f13721f130462c86a5
  SwiftLint: 088cfacb75b45970017e62b7524d506776d60148

PODFILE CHECKSUM: 678eacf29ba22b5d12a7e187a33d802d3292b65d

COCOAPODS: 1.6.0
